
Microsoft Visual Studio Solution File, Format Version 12.00
# Visual Studio Version 17
VisualStudioVersion = 17.9.34622.214
MinimumVisualStudioVersion = 10.0.40219.1
Project("{FAE04EC0-301F-11D3-BF4B-00C04F79EFBC}") = "Working_With_PloyMorphism_Abstraction", "Working_With_PloyMorphism_Abstraction\Working_With_PloyMorphism_Abstraction.csproj", "{2800C14E-5579-49A8-9D6E-3555B223FFBF}"
EndProject
Global
	GlobalSection(SolutionConfigurationPlatforms) = preSolution
		Debug|Any CPU = Debug|Any CPU
		Release|Any CPU = Release|Any CPU
	EndGlobalSection
	GlobalSection(ProjectConfigurationPlatforms) = postSolution
		{2800C14E-5579-49A8-9D6E-3555B223FFBF}.Debug|Any CPU.ActiveCfg = Debug|Any CPU
		{2800C14E-5579-49A8-9D6E-3555B223FFBF}.Debug|Any CPU.Build.0 = Debug|Any CPU
		{2800C14E-5579-49A8-9D6E-3555B223FFBF}.Release|Any CPU.ActiveCfg = Release|Any CPU
		{2800C14E-5579-49A8-9D6E-3555B223FFBF}.Release|Any CPU.Build.0 = Release|Any CPU
	EndGlobalSection
	GlobalSection(SolutionProperties) = preSolution
		HideSolutionNode = FALSE
	EndGlobalSection
	GlobalSection(ExtensibilityGlobals) = postSolution
		SolutionGuid = {B055AADB-81DE-4F52-A17A-06DDF7E46DD5}
	EndGlobalSection
EndGlobal
