
Microsoft Visual Studio Solution File, Format Version 12.00
# Visual Studio Version 17
VisualStudioVersion = 17.9.34622.214
MinimumVisualStudioVersion = 10.0.40219.1
Project("{FAE04EC0-301F-11D3-BF4B-00C04F79EFBC}") = "List_Application", "List_Application\List_Application.csproj", "{3FC7AAF0-3443-4C90-AF31-AE9CC640049D}"
EndProject
Global
	GlobalSection(SolutionConfigurationPlatforms) = preSolution
		Debug|Any CPU = Debug|Any CPU
		Release|Any CPU = Release|Any CPU
	EndGlobalSection
	GlobalSection(ProjectConfigurationPlatforms) = postSolution
		{3FC7AAF0-3443-4C90-AF31-AE9CC640049D}.Debug|Any CPU.ActiveCfg = Debug|Any CPU
		{3FC7AAF0-3443-4C90-AF31-AE9CC640049D}.Debug|Any CPU.Build.0 = Debug|Any CPU
		{3FC7AAF0-3443-4C90-AF31-AE9CC640049D}.Release|Any CPU.ActiveCfg = Release|Any CPU
		{3FC7AAF0-3443-4C90-AF31-AE9CC640049D}.Release|Any CPU.Build.0 = Release|Any CPU
	EndGlobalSection
	GlobalSection(SolutionProperties) = preSolution
		HideSolutionNode = FALSE
	EndGlobalSection
	GlobalSection(ExtensibilityGlobals) = postSolution
		SolutionGuid = {540634FF-D9D3-41E5-B068-CF653F421640}
	EndGlobalSection
EndGlobal
