
Microsoft Visual Studio Solution File, Format Version 12.00
# Visual Studio Version 17
VisualStudioVersion = 17.9.34728.123
MinimumVisualStudioVersion = 10.0.40219.1
Project("{FAE04EC0-301F-11D3-BF4B-00C04F79EFBC}") = "Student_Management_DependencyInjection", "Student_Management_DependencyInjection.csproj", "{A81C183E-1478-4EBB-8C81-5CC1E578E4CD}"
EndProject
Global
	GlobalSection(SolutionConfigurationPlatforms) = preSolution
		Debug|Any CPU = Debug|Any CPU
		Release|Any CPU = Release|Any CPU
	EndGlobalSection
	GlobalSection(ProjectConfigurationPlatforms) = postSolution
		{A81C183E-1478-4EBB-8C81-5CC1E578E4CD}.Debug|Any CPU.ActiveCfg = Debug|Any CPU
		{A81C183E-1478-4EBB-8C81-5CC1E578E4CD}.Debug|Any CPU.Build.0 = Debug|Any CPU
		{A81C183E-1478-4EBB-8C81-5CC1E578E4CD}.Release|Any CPU.ActiveCfg = Release|Any CPU
		{A81C183E-1478-4EBB-8C81-5CC1E578E4CD}.Release|Any CPU.Build.0 = Release|Any CPU
	EndGlobalSection
	GlobalSection(SolutionProperties) = preSolution
		HideSolutionNode = FALSE
	EndGlobalSection
	GlobalSection(ExtensibilityGlobals) = postSolution
		SolutionGuid = {FB90AEB6-DA7C-49EE-9F4F-097E984EF1D5}
	EndGlobalSection
EndGlobal
