
Microsoft Visual Studio Solution File, Format Version 12.00
# Visual Studio Version 17
VisualStudioVersion = 17.9.34622.214
MinimumVisualStudioVersion = 10.0.40219.1
Project("{9A19103F-16F7-4668-BE54-9A1E7A4F7556}") = "Bank_Management_System", "Practice_Project== [(Bank_Management_System)]\Bank_Management_System.csproj", "{C0A06A99-8FE4-4901-8012-782081146F5F}"
EndProject
Global
	GlobalSection(SolutionConfigurationPlatforms) = preSolution
		Debug|Any CPU = Debug|Any CPU
		Release|Any CPU = Release|Any CPU
	EndGlobalSection
	GlobalSection(ProjectConfigurationPlatforms) = postSolution
		{C0A06A99-8FE4-4901-8012-782081146F5F}.Debug|Any CPU.ActiveCfg = Debug|Any CPU
		{C0A06A99-8FE4-4901-8012-782081146F5F}.Debug|Any CPU.Build.0 = Debug|Any CPU
		{C0A06A99-8FE4-4901-8012-782081146F5F}.Release|Any CPU.ActiveCfg = Release|Any CPU
		{C0A06A99-8FE4-4901-8012-782081146F5F}.Release|Any CPU.Build.0 = Release|Any CPU
	EndGlobalSection
	GlobalSection(SolutionProperties) = preSolution
		HideSolutionNode = FALSE
	EndGlobalSection
	GlobalSection(ExtensibilityGlobals) = postSolution
		SolutionGuid = {178A18AC-C8F6-4E45-BF32-56AEC75C63D5}
	EndGlobalSection
EndGlobal
